
Microsoft Visual Studio Solution File, Format Version 12.00
# Visual Studio 15
VisualStudioVersion = 15.0.27703.2042
MinimumVisualStudioVersion = 10.0.40219.1
Project("{FAE04EC0-301F-11D3-BF4B-00C04F79EFBC}") = "ReCaptchaValidator", "ReCaptchaValidator\ReCaptchaValidator.csproj", "{B5CC36B4-8610-4DE5-AEE5-841E647C9A0B}"
EndProject
Global
	GlobalSection(SolutionConfigurationPlatforms) = preSolution
		Debug|Any CPU = Debug|Any CPU
		Release|Any CPU = Release|Any CPU
	EndGlobalSection
	GlobalSection(ProjectConfigurationPlatforms) = postSolution
		{B5CC36B4-8610-4DE5-AEE5-841E647C9A0B}.Debug|Any CPU.ActiveCfg = Debug|Any CPU
		{B5CC36B4-8610-4DE5-AEE5-841E647C9A0B}.Debug|Any CPU.Build.0 = Debug|Any CPU
		{B5CC36B4-8610-4DE5-AEE5-841E647C9A0B}.Release|Any CPU.ActiveCfg = Release|Any CPU
		{B5CC36B4-8610-4DE5-AEE5-841E647C9A0B}.Release|Any CPU.Build.0 = Release|Any CPU
	EndGlobalSection
	GlobalSection(SolutionProperties) = preSolution
		HideSolutionNode = FALSE
	EndGlobalSection
	GlobalSection(ExtensibilityGlobals) = postSolution
		SolutionGuid = {3A13AB0A-58D3-4834-BA19-0DD8F07875FC}
	EndGlobalSection
EndGlobal
